
Microsoft Visual Studio Solution File, Format Version 12.00
# Visual Studio 15
VisualStudioVersion = 15.0.28010.2036
MinimumVisualStudioVersion = 10.0.40219.1
Project("{FAE04EC0-301F-11D3-BF4B-00C04F79EFBC}") = "Converter", "src\Converter\Converter.csproj", "{205A09FF-76F9-43A9-BB6D-DCDD9F0F837E}"
EndProject
Global
	GlobalSection(SolutionConfigurationPlatforms) = preSolution
		Debug|Any CPU = Debug|Any CPU
		Release|Any CPU = Release|Any CPU
	EndGlobalSection
	GlobalSection(ProjectConfigurationPlatforms) = postSolution
		{205A09FF-76F9-43A9-BB6D-DCDD9F0F837E}.Debug|Any CPU.ActiveCfg = Debug|Any CPU
		{205A09FF-76F9-43A9-BB6D-DCDD9F0F837E}.Debug|Any CPU.Build.0 = Debug|Any CPU
		{205A09FF-76F9-43A9-BB6D-DCDD9F0F837E}.Release|Any CPU.ActiveCfg = Release|Any CPU
		{205A09FF-76F9-43A9-BB6D-DCDD9F0F837E}.Release|Any CPU.Build.0 = Release|Any CPU
	EndGlobalSection
	GlobalSection(SolutionProperties) = preSolution
		HideSolutionNode = FALSE
	EndGlobalSection
	GlobalSection(ExtensibilityGlobals) = postSolution
		SolutionGuid = {499E7ADA-02E4-43B3-B670-1715392B34CD}
	EndGlobalSection
EndGlobal
